# THIS IS AN AUTOGENERATED FILE. DO NOT EDIT THIS FILE DIRECTLY.
# yarn lockfile v1


babel-helper-evaluate-path@^0.5.0:
  version "0.5.0"
  resolved "https://registry.yarnpkg.com/babel-helper-evaluate-path/-/babel-helper-evaluate-path-0.5.0.tgz#a62fa9c4e64ff7ea5cea9353174ef023a900a67c"
  integrity sha512-mUh0UhS607bGh5wUMAQfOpt2JX2ThXMtppHRdRU1kL7ZLRWIXxoV2UIV1r2cAeeNeU1M5SB5/RSUgUxrK8yOkA==

babel-helper-flip-expressions@^0.4.3:
  version "0.4.3"
  resolved "https://registry.yarnpkg.com/babel-helper-flip-expressions/-/babel-helper-flip-expressions-0.4.3.tgz#3696736a128ac18bc25254b5f40a22ceb3c1d3fd"
  integrity sha1-NpZzahKKwYvCUlS19AoizrPB0/0=

babel-helper-is-nodes-equiv@^0.0.1:
  version "0.0.1"
  resolved "https://registry.yarnpkg.com/babel-helper-is-nodes-equiv/-/babel-helper-is-nodes-equiv-0.0.1.tgz#34e9b300b1479ddd98ec77ea0bbe9342dfe39684"
  integrity sha1-NOmzALFHnd2Y7HfqC76TQt/jloQ=

babel-helper-is-void-0@^0.4.3:
  version "0.4.3"
  resolved "https://registry.yarnpkg.com/babel-helper-is-void-0/-/babel-helper-is-void-0-0.4.3.tgz#7d9c01b4561e7b95dbda0f6eee48f5b60e67313e"
  integrity sha1-fZwBtFYee5Xb2g9u7kj1tg5nMT4=

babel-helper-mark-eval-scopes@^0.4.3:
  version "0.4.3"
  resolved "https://registry.yarnpkg.com/babel-helper-mark-eval-scopes/-/babel-helper-mark-eval-scopes-0.4.3.tgz#d244a3bef9844872603ffb46e22ce8acdf551562"
  integrity sha1-0kSjvvmESHJgP/tG4izorN9VFWI=

babel-helper-remove-or-void@^0.4.3:
  version "0.4.3"
  resolved "https://registry.yarnpkg.com/babel-helper-remove-or-void/-/babel-helper-remove-or-void-0.4.3.tgz#a4f03b40077a0ffe88e45d07010dee241ff5ae60"
  integrity sha1-pPA7QAd6D/6I5F0HAQ3uJB/1rmA=

babel-helper-to-multiple-sequence-expressions@^0.5.0:
  version "0.5.0"
  resolved "https://registry.yarnpkg.com/babel-helper-to-multiple-sequence-expressions/-/babel-helper-to-multiple-sequence-expressions-0.5.0.tgz#a3f924e3561882d42fcf48907aa98f7979a4588d"
  integrity sha512-m2CvfDW4+1qfDdsrtf4dwOslQC3yhbgyBFptncp4wvtdrDHqueW7slsYv4gArie056phvQFhT2nRcGS4bnm6mA==

babel-plugin-minify-builtins@^0.5.0:
  version "0.5.0"
  resolved "https://registry.yarnpkg.com/babel-plugin-minify-builtins/-/babel-plugin-minify-builtins-0.5.0.tgz#31eb82ed1a0d0efdc31312f93b6e4741ce82c36b"
  integrity sha512-wpqbN7Ov5hsNwGdzuzvFcjgRlzbIeVv1gMIlICbPj0xkexnfoIDe7q+AZHMkQmAE/F9R5jkrB6TLfTegImlXag==

babel-plugin-minify-constant-folding@^0.5.0:
  version "0.5.0"
  resolved "https://registry.yarnpkg.com/babel-plugin-minify-constant-folding/-/babel-plugin-minify-constant-folding-0.5.0.tgz#f84bc8dbf6a561e5e350ff95ae216b0ad5515b6e"
  integrity sha512-Vj97CTn/lE9hR1D+jKUeHfNy+m1baNiJ1wJvoGyOBUx7F7kJqDZxr9nCHjO/Ad+irbR3HzR6jABpSSA29QsrXQ==
  dependencies:
    babel-helper-evaluate-path "^0.5.0"

babel-plugin-minify-dead-code-elimination@^0.5.0:
  version "0.5.0"
  resolved "https://registry.yarnpkg.com/babel-plugin-minify-dead-code-elimination/-/babel-plugin-minify-dead-code-elimination-0.5.0.tgz#d23ef5445238ad06e8addf5c1cf6aec835bcda87"
  integrity sha512-XQteBGXlgEoAKc/BhO6oafUdT4LBa7ARi55mxoyhLHNuA+RlzRmeMAfc31pb/UqU01wBzRc36YqHQzopnkd/6Q==
  dependencies:
    babel-helper-evaluate-path "^0.5.0"
    babel-helper-mark-eval-scopes "^0.4.3"
    babel-helper-remove-or-void "^0.4.3"
    lodash.some "^4.6.0"

babel-plugin-minify-flip-comparisons@^0.4.3:
  version "0.4.3"
  resolved "https://registry.yarnpkg.com/babel-plugin-minify-flip-comparisons/-/babel-plugin-minify-flip-comparisons-0.4.3.tgz#00ca870cb8f13b45c038b3c1ebc0f227293c965a"
  integrity sha1-AMqHDLjxO0XAOLPB68DyJyk8llo=
  dependencies:
    babel-helper-is-void-0 "^0.4.3"

babel-plugin-minify-guarded-expressions@^0.4.3:
  version "0.4.3"
  resolved "https://registry.yarnpkg.com/babel-plugin-minify-guarded-expressions/-/babel-plugin-minify-guarded-expressions-0.4.3.tgz#cc709b4453fd21b1f302877444c89f88427ce397"
  integrity sha1-zHCbRFP9IbHzAod0RMifiEJ845c=
  dependencies:
    babel-helper-flip-expressions "^0.4.3"

babel-plugin-minify-infinity@^0.4.3:
  version "0.4.3"
  resolved "https://registry.yarnpkg.com/babel-plugin-minify-infinity/-/babel-plugin-minify-infinity-0.4.3.tgz#dfb876a1b08a06576384ef3f92e653ba607b39ca"
  integrity sha1-37h2obCKBldjhO8/kuZTumB7Oco=

babel-plugin-minify-mangle-names@^0.5.0:
  version "0.5.0"
  resolved "https://registry.yarnpkg.com/babel-plugin-minify-mangle-names/-/babel-plugin-minify-mangle-names-0.5.0.tgz#bcddb507c91d2c99e138bd6b17a19c3c271e3fd3"
  integrity sha512-3jdNv6hCAw6fsX1p2wBGPfWuK69sfOjfd3zjUXkbq8McbohWy23tpXfy5RnToYWggvqzuMOwlId1PhyHOfgnGw==
  dependencies:
    babel-helper-mark-eval-scopes "^0.4.3"

babel-plugin-minify-numeric-literals@^0.4.3:
  version "0.4.3"
  resolved "https://registry.yarnpkg.com/babel-plugin-minify-numeric-literals/-/babel-plugin-minify-numeric-literals-0.4.3.tgz#8e4fd561c79f7801286ff60e8c5fd9deee93c0bc"
  integrity sha1-jk/VYcefeAEob/YOjF/Z3u6TwLw=

babel-plugin-minify-replace@^0.5.0:
  version "0.5.0"
  resolved "https://registry.yarnpkg.com/babel-plugin-minify-replace/-/babel-plugin-minify-replace-0.5.0.tgz#d3e2c9946c9096c070efc96761ce288ec5c3f71c"
  integrity sha512-aXZiaqWDNUbyNNNpWs/8NyST+oU7QTpK7J9zFEFSA0eOmtUNMU3fczlTTTlnCxHmq/jYNFEmkkSG3DDBtW3Y4Q==

babel-plugin-minify-simplify@^0.5.0:
  version "0.5.0"
  resolved "https://registry.yarnpkg.com/babel-plugin-minify-simplify/-/babel-plugin-minify-simplify-0.5.0.tgz#1f090018afb90d8b54d3d027fd8a4927f243da6f"
  integrity sha512-TM01J/YcKZ8XIQd1Z3nF2AdWHoDsarjtZ5fWPDksYZNsoOjQ2UO2EWm824Ym6sp127m44gPlLFiO5KFxU8pA5Q==
  dependencies:
    babel-helper-flip-expressions "^0.4.3"
    babel-helper-is-nodes-equiv "^0.0.1"
    babel-helper-to-multiple-sequence-expressions "^0.5.0"

babel-plugin-minify-type-constructors@^0.4.3:
  version "0.4.3"
  resolved "https://registry.yarnpkg.com/babel-plugin-minify-type-constructors/-/babel-plugin-minify-type-constructors-0.4.3.tgz#1bc6f15b87f7ab1085d42b330b717657a2156500"
  integrity sha1-G8bxW4f3qxCF1CszC3F2V6IVZQA=
  dependencies:
    babel-helper-is-void-0 "^0.4.3"

babel-plugin-transform-inline-consecutive-adds@^0.4.3:
  version "0.4.3"
  resolved "https://registry.yarnpkg.com/babel-plugin-transform-inline-consecutive-adds/-/babel-plugin-transform-inline-consecutive-adds-0.4.3.tgz#323d47a3ea63a83a7ac3c811ae8e6941faf2b0d1"
  integrity sha1-Mj1Ho+pjqDp6w8gRro5pQfrysNE=

babel-plugin-transform-member-expression-literals@^6.9.4:
  version "6.9.4"
  resolved "https://registry.yarnpkg.com/babel-plugin-transform-member-expression-literals/-/babel-plugin-transform-member-expression-literals-6.9.4.tgz#37039c9a0c3313a39495faac2ff3a6b5b9d038bf"
  integrity sha1-NwOcmgwzE6OUlfqsL/OmtbnQOL8=

babel-plugin-transform-merge-sibling-variables@^6.9.4:
  version "6.9.4"
  resolved "https://registry.yarnpkg.com/babel-plugin-transform-merge-sibling-variables/-/babel-plugin-transform-merge-sibling-variables-6.9.4.tgz#85b422fc3377b449c9d1cde44087203532401dae"
  integrity sha1-hbQi/DN3tEnJ0c3kQIcgNTJAHa4=

babel-plugin-transform-minify-booleans@^6.9.4:
  version "6.9.4"
  resolved "https://registry.yarnpkg.com/babel-plugin-transform-minify-booleans/-/babel-plugin-transform-minify-booleans-6.9.4.tgz#acbb3e56a3555dd23928e4b582d285162dd2b198"
  integrity sha1-rLs+VqNVXdI5KOS1gtKFFi3SsZg=

babel-plugin-transform-property-literals@^6.9.4:
  version "6.9.4"
  resolved "https://registry.yarnpkg.com/babel-plugin-transform-property-literals/-/babel-plugin-transform-property-literals-6.9.4.tgz#98c1d21e255736573f93ece54459f6ce24985d39"
  integrity sha1-mMHSHiVXNlc/k+zlRFn2ziSYXTk=
  dependencies:
    esutils "^2.0.2"

babel-plugin-transform-regexp-constructors@^0.4.3:
  version "0.4.3"
  resolved "https://registry.yarnpkg.com/babel-plugin-transform-regexp-constructors/-/babel-plugin-transform-regexp-constructors-0.4.3.tgz#58b7775b63afcf33328fae9a5f88fbd4fb0b4965"
  integrity sha1-WLd3W2OvzzMyj66aX4j71PsLSWU=

babel-plugin-transform-remove-console@^6.9.4:
  version "6.9.4"
  resolved "https://registry.yarnpkg.com/babel-plugin-transform-remove-console/-/babel-plugin-transform-remove-console-6.9.4.tgz#b980360c067384e24b357a588d807d3c83527780"
  integrity sha1-uYA2DAZzhOJLNXpYjYB9PINSd4A=

babel-plugin-transform-remove-debugger@^6.9.4:
  version "6.9.4"
  resolved "https://registry.yarnpkg.com/babel-plugin-transform-remove-debugger/-/babel-plugin-transform-remove-debugger-6.9.4.tgz#42b727631c97978e1eb2d199a7aec84a18339ef2"
  integrity sha1-QrcnYxyXl44estGZp67IShgznvI=

babel-plugin-transform-remove-undefined@^0.5.0:
  version "0.5.0"
  resolved "https://registry.yarnpkg.com/babel-plugin-transform-remove-undefined/-/babel-plugin-transform-remove-undefined-0.5.0.tgz#80208b31225766c630c97fa2d288952056ea22dd"
  integrity sha512-+M7fJYFaEE/M9CXa0/IRkDbiV3wRELzA1kKQFCJ4ifhrzLKn/9VCCgj9OFmYWwBd8IB48YdgPkHYtbYq+4vtHQ==
  dependencies:
    babel-helper-evaluate-path "^0.5.0"

babel-plugin-transform-simplify-comparison-operators@^6.9.4:
  version "6.9.4"
  resolved "https://registry.yarnpkg.com/babel-plugin-transform-simplify-comparison-operators/-/babel-plugin-transform-simplify-comparison-operators-6.9.4.tgz#f62afe096cab0e1f68a2d753fdf283888471ceb9"
  integrity sha1-9ir+CWyrDh9ootdT/fKDiIRxzrk=

babel-plugin-transform-undefined-to-void@^6.9.4:
  version "6.9.4"
  resolved "https://registry.yarnpkg.com/babel-plugin-transform-undefined-to-void/-/babel-plugin-transform-undefined-to-void-6.9.4.tgz#be241ca81404030678b748717322b89d0c8fe280"
  integrity sha1-viQcqBQEAwZ4t0hxcyK4nQyP4oA=

babel-preset-minify@^0.5.0:
  version "0.5.0"
  resolved "https://registry.yarnpkg.com/babel-preset-minify/-/babel-preset-minify-0.5.0.tgz#e25bb8d3590087af02b650967159a77c19bfb96b"
  integrity sha512-xj1s9Mon+RFubH569vrGCayA9Fm2GMsCgDRm1Jb8SgctOB7KFcrVc2o8K3YHUyMz+SWP8aea75BoS8YfsXXuiA==
  dependencies:
    babel-plugin-minify-builtins "^0.5.0"
    babel-plugin-minify-constant-folding "^0.5.0"
    babel-plugin-minify-dead-code-elimination "^0.5.0"
    babel-plugin-minify-flip-comparisons "^0.4.3"
    babel-plugin-minify-guarded-expressions "^0.4.3"
    babel-plugin-minify-infinity "^0.4.3"
    babel-plugin-minify-mangle-names "^0.5.0"
    babel-plugin-minify-numeric-literals "^0.4.3"
    babel-plugin-minify-replace "^0.5.0"
    babel-plugin-minify-simplify "^0.5.0"
    babel-plugin-minify-type-constructors "^0.4.3"
    babel-plugin-transform-inline-consecutive-adds "^0.4.3"
    babel-plugin-transform-member-expression-literals "^6.9.4"
    babel-plugin-transform-merge-sibling-variables "^6.9.4"
    babel-plugin-transform-minify-booleans "^6.9.4"
    babel-plugin-transform-property-literals "^6.9.4"
    babel-plugin-transform-regexp-constructors "^0.4.3"
    babel-plugin-transform-remove-console "^6.9.4"
    babel-plugin-transform-remove-debugger "^6.9.4"
    babel-plugin-transform-remove-undefined "^0.5.0"
    babel-plugin-transform-simplify-comparison-operators "^6.9.4"
    babel-plugin-transform-undefined-to-void "^6.9.4"
    lodash.isplainobject "^4.0.6"

clicked@^2.1.1:
  version "2.1.1"
  resolved "https://registry.yarnpkg.com/clicked/-/clicked-2.1.1.tgz#c639890d2f6ff55433bfc7fcf8e67cd761e9d534"
  integrity sha512-10LOqqCrVrESN1SNP03f29yGtrJtYgfJJmgM9MZQrLVB9zxB3zX35nDJqB3HThDz1rhEt9pkvVbUcuymZQG+ug==

esutils@^2.0.2:
  version "2.0.2"
  resolved "https://registry.yarnpkg.com/esutils/-/esutils-2.0.2.tgz#0abf4f1caa5bcb1f7a9d8acc6dea4faaa04bac9b"
  integrity sha1-Cr9PHKpbyx96nYrMbepPqqBLrJs=

eventemitter3@^3.1.0:
  version "3.1.0"
  resolved "https://registry.yarnpkg.com/eventemitter3/-/eventemitter3-3.1.0.tgz#090b4d6cdbd645ed10bf750d4b5407942d7ba163"
  integrity sha512-ivIvhpq/Y0uSjcHDcOIccjmYjGLcP09MFGE7ysAwkAvkXfpZlC985pH2/ui64DKazbTW/4kN3yqozUxlXzI6cA==

fs-extra@^7.0.1:
  version "7.0.1"
  resolved "https://registry.yarnpkg.com/fs-extra/-/fs-extra-7.0.1.tgz#4f189c44aa123b895f722804f55ea23eadc348e9"
  integrity sha512-YJDaCJZEnBmcbw13fvdAM9AwNOJwOzrE4pqMqBq5nFiEqXUqHwlK4B+3pUw6JNvfSPtX05xFHtYy/1ni01eGCw==
  dependencies:
    graceful-fs "^4.1.2"
    jsonfile "^4.0.0"
    universalify "^0.1.0"

graceful-fs@^4.1.2, graceful-fs@^4.1.6:
  version "4.1.15"
  resolved "https://registry.yarnpkg.com/graceful-fs/-/graceful-fs-4.1.15.tgz#ffb703e1066e8a0eeaa4c8b80ba9253eeefbfb00"
  integrity sha512-6uHUhOPEBgQ24HM+r6b/QwWfZq+yiFcipKFrOFiBEnWdy5sdzYoi+pJeQaPI5qOLRFqWmAXUPQNsielzdLoecA==

jsonfile@^4.0.0:
  version "4.0.0"
  resolved "https://registry.yarnpkg.com/jsonfile/-/jsonfile-4.0.0.tgz#8771aae0799b64076b76640fca058f9c10e33ecb"
  integrity sha1-h3Gq4HmbZAdrdmQPygWPnBDjPss=
  optionalDependencies:
    graceful-fs "^4.1.6"

lodash.isplainobject@^4.0.6:
  version "4.0.6"
  resolved "https://registry.yarnpkg.com/lodash.isplainobject/-/lodash.isplainobject-4.0.6.tgz#7c526a52d89b45c45cc690b88163be0497f550cb"
  integrity sha1-fFJqUtibRcRcxpC4gWO+BJf1UMs=

lodash.some@^4.6.0:
  version "4.6.0"
  resolved "https://registry.yarnpkg.com/lodash.some/-/lodash.some-4.6.0.tgz#1bb9f314ef6b8baded13b549169b2a945eb68e4d"
  integrity sha1-G7nzFO9ri63tE7VJFpsqlF62jk0=

taffydb@^2.7.2:
  version "2.7.3"
  resolved "https://registry.yarnpkg.com/taffydb/-/taffydb-2.7.3.tgz#2ad37169629498fca5bc84243096d3cde0ec3a34"
  integrity sha1-KtNxaWKUmPylvIQkMJbTzeDsOjQ=

underscore@^1.7.0:
  version "1.9.1"
  resolved "https://registry.yarnpkg.com/underscore/-/underscore-1.9.1.tgz#06dce34a0e68a7babc29b365b8e74b8925203961"
  integrity sha512-5/4etnCkd9c8gwgowi5/om/mYO5ajCaOgdzj/oW+0eQV9WxKBDZw5+ycmKmeaTXjInS/W0BzpGLo2xR2aBwZdg==

universalify@^0.1.0:
  version "0.1.2"
  resolved "https://registry.yarnpkg.com/universalify/-/universalify-0.1.2.tgz#b646f69be3942dabcecc9d6639c80dc105efaa66"
  integrity sha512-rBJeI5CXAlmy1pV+617WB9J63U6XcazHHF2f2dbJix4XzpUF0RS3Zbj0FGIOCAva5P/d/GBOYaACQ1w+0azUkg==

yy-jsdoc-template@^1.3.0:
  version "1.3.0"
  resolved "https://registry.yarnpkg.com/yy-jsdoc-template/-/yy-jsdoc-template-1.3.0.tgz#597a7eaf4bd4f7c0cfb0c16b807dfbba1bb55e9b"
  integrity sha512-PFc883nloUjb3o0q/hSdKhjzbvC5iyRwh3qAtFIzYFQtRc7CSUQdnu974x469xHXVabbbgw3X43c/2b8tldFbg==
  dependencies:
    taffydb "^2.7.2"
    underscore "^1.7.0"
